# @generated - this file is auto-generated by `mise lock` https://mise.jdx.dev/dev-tools/mise-lock.html

lockfile_version = 1

[[tools.node]]
version = "24.11.1"
backend = "core:node"
specifiers = ["24.11.1"]

[tools.node."platforms.macos-arm64"]
checksum = "sha256:b05aa3a66efe680023f930bd5af3fdbbd542794da5644ca2ad711d68cbd4dc35"
url = "https://nodejs.org/dist/v24.11.1/node-v24.11.1-darwin-arm64.tar.gz"

[tools.node."platforms.windows-x64"]
checksum = "sha256:5355ae6d7c49eddcfde7d34ac3486820600a831bf81dc3bdca5c8db6a9bb0e76"
url = "https://nodejs.org/dist/v24.11.1/node-v24.11.1-win-x64.zip"

[[tools.python]]
version = "3.12.10"
backend = "core:python"
specifiers = ["3.12.10"]

[tools.python."platforms.macos-arm64"]
checksum = "sha256:2579c9ffcbb0a745f1de3d645612c7466269eb9a23316a54ece49d50c1c9122f"
url = "https://github.com/astral-sh/python-build-standalone/releases/download/20250529/cpython-3.12.10+20250529-aarch64-apple-darwin-install_only_stripped.tar.gz"
provenance = "github-attestations"

[tools.python."platforms.windows-x64"]
checksum = "sha256:ca22a9a9e64ecab6d0b5de7cdf8b679ccaa41e9def6aaa2b4aaa6bb23ec7aaba"
url = "https://github.com/astral-sh/python-build-standalone/releases/download/20250529/cpython-3.12.10+20250529-x86_64-pc-windows-msvc-install_only_stripped.tar.gz"
provenance = "github-attestations"
